// !$*UTF8*$!
{
	archiveVersion = 1;
	classes = {
	};
	objectVersion = 77;
	objects = {

/* Begin PBXBuildFile section */
		0777BCBB2ECD6786008C1FDA /* User.swift in Sources */ = {isa = PBXBuildFile; fileRef = 0777BCBA2ECD6784008C1FDA /* User.swift */; };
		0777BCBE2ECD67AC008C1FDA /* AuthService.swift in Sources */ = {isa = PBXBuildFile; fileRef = 0777BCBD2ECD67AB008C1FDA /* AuthService.swift */; };
		0777BCC22ECD6883008C1FDA /* FirestoreCollections.swift in Sources */ = {isa = PBXBuildFile; fileRef = 0777BCC12ECD6882008C1FDA /* FirestoreCollections.swift */; };
		0777BCC72ECD708A008C1FDA /* FirebaseAuth in Frameworks */ = {isa = PBXBuildFile; productRef = 0777BCC62ECD708A008C1FDA /* FirebaseAuth */; };
		0777BCC92ECD708A008C1FDA /* FirebaseFirestore in Frameworks */ = {isa = PBXBuildFile; productRef = 0777BCC82ECD708A008C1FDA /* FirebaseFirestore */; };
		0777BCCC2ECE85CC008C1FDA /* MoodEntry.swift in Sources */ = {isa = PBXBuildFile; fileRef = 0777BCCB2ECE85CA008C1FDA /* MoodEntry.swift */; };
		0777BCCE2ECE85D9008C1FDA /* ChatMessage.swift in Sources */ = {isa = PBXBuildFile; fileRef = 0777BCCD2ECE85D7008C1FDA /* ChatMessage.swift */; };
		0777BCD12ECE85F0008C1FDA /* MoodRepository.swift in Sources */ = {isa = PBXBuildFile; fileRef = 0777BCD02ECE85EE008C1FDA /* MoodRepository.swift */; };
		0777BCD42ECE8B28008C1FDA /* ChatRepository.swift in Sources */ = {isa = PBXBuildFile; fileRef = 0777BCD32ECE8B27008C1FDA /* ChatRepository.swift */; };
		0777BCDA2ECEA2F9008C1FDA /* LoginRootView.swift in Sources */ = {isa = PBXBuildFile; fileRef = 0777BCD92ECEA2F7008C1FDA /* LoginRootView.swift */; };
		0777BCEF2ED2F7E9008C1FDA /* ChatServiceMock.swift in Sources */ = {isa = PBXBuildFile; fileRef = 0777BCEE2ED2F7E9008C1FDA /* ChatServiceMock.swift */; };
		4811CC402ED40478003A9A3B /* Resources.swift in Sources */ = {isa = PBXBuildFile; fileRef = 4811CC3F2ED40478003A9A3B /* Resources.swift */; };
		4811CC432ED4054A003A9A3B /* ResourcesMapView.swift in Sources */ = {isa = PBXBuildFile; fileRef = 4811CC422ED4054A003A9A3B /* ResourcesMapView.swift */; };
		4811CC472ED405CF003A9A3B /* ResourcesMapViewController.swift in Sources */ = {isa = PBXBuildFile; fileRef = 4811CC462ED405CF003A9A3B /* ResourcesMapViewController.swift */; };
		4811CC492ED40607003A9A3B /* ResourcesAnnotation.swift in Sources */ = {isa = PBXBuildFile; fileRef = 4811CC482ED405FD003A9A3B /* ResourcesAnnotation.swift */; };
		4811CC5A2ED407C3003A9A3B /* ChatService.swift in Sources */ = {isa = PBXBuildFile; fileRef = 4811CC522ED407C3003A9A3B /* ChatService.swift */; };
		4811CC5B2ED407C3003A9A3B /* ResourcesService.swift in Sources */ = {isa = PBXBuildFile; fileRef = 4811CC582ED407C3003A9A3B /* ResourcesService.swift */; };
		4811CC5C2ED407C3003A9A3B /* LocationService.swift in Sources */ = {isa = PBXBuildFile; fileRef = 4811CC542ED407C3003A9A3B /* LocationService.swift */; };
		4811CC5D2ED407C3003A9A3B /* MoodStore.swift in Sources */ = {isa = PBXBuildFile; fileRef = 4811CC552ED407C3003A9A3B /* MoodStore.swift */; };
		4811CC5E2ED407C3003A9A3B /* ResourcesAPI.swift in Sources */ = {isa = PBXBuildFile; fileRef = 4811CC572ED407C3003A9A3B /* ResourcesAPI.swift */; };
		4811CC5F2ED407C3003A9A3B /* NetworkManager.swift in Sources */ = {isa = PBXBuildFile; fileRef = 4811CC562ED407C3003A9A3B /* NetworkManager.swift */; };
		4811CC602ED407C3003A9A3B /* APIConfigs.swift in Sources */ = {isa = PBXBuildFile; fileRef = 4811CC502ED407C3003A9A3B /* APIConfigs.swift */; };
		4811CC622ED407C3003A9A3B /* FirestoreService.swift in Sources */ = {isa = PBXBuildFile; fileRef = 4811CC532ED407C3003A9A3B /* FirestoreService.swift */; };
		4811CC642ED40A16003A9A3B /* SceneDelegate.swift in Sources */ = {isa = PBXBuildFile; fileRef = 4811CC632ED40A16003A9A3B /* SceneDelegate.swift */; };
		4811CC792ED41DC1003A9A3B /* DismissKeyboardManager.swift in Sources */ = {isa = PBXBuildFile; fileRef = 4811CC782ED41D78003A9A3B /* DismissKeyboardManager.swift */; };
		4811CC7D2ED42423003A9A3B /* ProgressSpinnerViewController.swift in Sources */ = {isa = PBXBuildFile; fileRef = 4811CC7B2ED42423003A9A3B /* ProgressSpinnerViewController.swift */; };
		4811CC7E2ED42423003A9A3B /* ProgressSpinnerDelegate.swift in Sources */ = {isa = PBXBuildFile; fileRef = 4811CC7A2ED42423003A9A3B /* ProgressSpinnerDelegate.swift */; };
		4811CC802ED42492003A9A3B /* ProgressIndicatorManager.swift in Sources */ = {isa = PBXBuildFile; fileRef = 4811CC7F2ED4247D003A9A3B /* ProgressIndicatorManager.swift */; };
		4811CC842ED50EF1003A9A3B /* GoogleService-Info.plist in Resources */ = {isa = PBXBuildFile; fileRef = 4811CC832ED50EF1003A9A3B /* GoogleService-Info.plist */; };
		4846934F2ECC09B100A63998 /* Assets.xcassets in Resources */ = {isa = PBXBuildFile; fileRef = 484693442ECC09B100A63998 /* Assets.xcassets */; };
		484693512ECC09B100A63998 /* LaunchScreen.storyboard in Resources */ = {isa = PBXBuildFile; fileRef = 484693492ECC09B100A63998 /* LaunchScreen.storyboard */; };
		484693522ECC09B100A63998 /* Main.storyboard in Resources */ = {isa = PBXBuildFile; fileRef = 4846934B2ECC09B100A63998 /* Main.storyboard */; };
		484693532ECC09B100A63998 /* AppDelegate.swift in Sources */ = {isa = PBXBuildFile; fileRef = 484693432ECC09B100A63998 /* AppDelegate.swift */; };
		484693572ECC09B100A63998 /* HomeViewController.swift in Sources */ = {isa = PBXBuildFile; fileRef = 4846934D2ECC09B100A63998 /* HomeViewController.swift */; };
		4846935A2ECC0D5F00A63998 /* HomeView.swift in Sources */ = {isa = PBXBuildFile; fileRef = 484693592ECC0D5F00A63998 /* HomeView.swift */; };
		4846935F2ECC0DA200A63998 /* LoginViewController.swift in Sources */ = {isa = PBXBuildFile; fileRef = 4846935E2ECC0DA200A63998 /* LoginViewController.swift */; };
		484693612ECC0DB900A63998 /* LoginView.swift in Sources */ = {isa = PBXBuildFile; fileRef = 484693602ECC0DB900A63998 /* LoginView.swift */; };
		484693632ECC0DDC00A63998 /* SignUpView.swift in Sources */ = {isa = PBXBuildFile; fileRef = 484693622ECC0DDC00A63998 /* SignUpView.swift */; };
		484693652ECC0DF300A63998 /* SignUpViewController.swift in Sources */ = {isa = PBXBuildFile; fileRef = 484693642ECC0DF300A63998 /* SignUpViewController.swift */; };
		484693692ECC0E4E00A63998 /* MoodLogViewController.swift in Sources */ = {isa = PBXBuildFile; fileRef = 484693682ECC0E4E00A63998 /* MoodLogViewController.swift */; };
		4846936B2ECC0E6500A63998 /* MoodLogView.swift in Sources */ = {isa = PBXBuildFile; fileRef = 4846936A2ECC0E6500A63998 /* MoodLogView.swift */; };
		4846936D2ECC0E8D00A63998 /* ChatView.swift in Sources */ = {isa = PBXBuildFile; fileRef = 4846936C2ECC0E8D00A63998 /* ChatView.swift */; };
		4846936F2ECC0EA200A63998 /* ChatViewController.swift in Sources */ = {isa = PBXBuildFile; fileRef = 4846936E2ECC0EA200A63998 /* ChatViewController.swift */; };
		484693732ECC0EE300A63998 /* ResourcesViewController.swift in Sources */ = {isa = PBXBuildFile; fileRef = 484693722ECC0EE300A63998 /* ResourcesViewController.swift */; };
		484693752ECC0EF500A63998 /* ResourcesView.swift in Sources */ = {isa = PBXBuildFile; fileRef = 484693742ECC0EF500A63998 /* ResourcesView.swift */; };
		484693882ECC110900A63998 /* IntegrationContracts.swift in Sources */ = {isa = PBXBuildFile; fileRef = 484693872ECC110900A63998 /* IntegrationContracts.swift */; };
		4846938A2ECC115E00A63998 /* Config.swift in Sources */ = {isa = PBXBuildFile; fileRef = 484693892ECC115E00A63998 /* Config.swift */; };
		4846938D2ECC119300A63998 /* README.md in Resources */ = {isa = PBXBuildFile; fileRef = 4846938C2ECC118E00A63998 /* README.md */; };
		4871B79A2ED2C20500A38065 /* FirebaseStorage in Frameworks */ = {isa = PBXBuildFile; productRef = 4871B7992ED2C20500A38065 /* FirebaseStorage */; };
/* End PBXBuildFile section */

/* Begin PBXContainerItemProxy section */
		026A92CF2ECBFCC90017D43B /* PBXContainerItemProxy */ = {
			isa = PBXContainerItemProxy;
			containerPortal = 026A92B02ECBFCC40017D43B /* Project object */;
			proxyType = 1;
			remoteGlobalIDString = 026A92B72ECBFCC40017D43B;
			remoteInfo = Aura;
		};
		026A92D92ECBFCC90017D43B /* PBXContainerItemProxy */ = {
			isa = PBXContainerItemProxy;
			containerPortal = 026A92B02ECBFCC40017D43B /* Project object */;
			proxyType = 1;
			remoteGlobalIDString = 026A92B72ECBFCC40017D43B;
			remoteInfo = Aura;
		};
/* End PBXContainerItemProxy section */

/* Begin PBXFileReference section */
		026A92B82ECBFCC40017D43B /* Aura.app */ = {isa = PBXFileReference; explicitFileType = wrapper.application; includeInIndex = 0; path = Aura.app; sourceTree = BUILT_PRODUCTS_DIR; };
		026A92CE2ECBFCC90017D43B /* AuraTests.xctest */ = {isa = PBXFileReference; explicitFileType = wrapper.cfbundle; includeInIndex = 0; path = AuraTests.xctest; sourceTree = BUILT_PRODUCTS_DIR; };
		026A92D82ECBFCC90017D43B /* AuraUITests.xctest */ = {isa = PBXFileReference; explicitFileType = wrapper.cfbundle; includeInIndex = 0; path = AuraUITests.xctest; sourceTree = BUILT_PRODUCTS_DIR; };
		0777BCBA2ECD6784008C1FDA /* User.swift */ = {isa = PBXFileReference; lastKnownFileType = sourcecode.swift; path = User.swift; sourceTree = "<group>"; };
		0777BCBD2ECD67AB008C1FDA /* AuthService.swift */ = {isa = PBXFileReference; lastKnownFileType = sourcecode.swift; path = AuthService.swift; sourceTree = "<group>"; };
		0777BCC12ECD6882008C1FDA /* FirestoreCollections.swift */ = {isa = PBXFileReference; lastKnownFileType = sourcecode.swift; path = FirestoreCollections.swift; sourceTree = "<group>"; };
		0777BCCB2ECE85CA008C1FDA /* MoodEntry.swift */ = {isa = PBXFileReference; lastKnownFileType = sourcecode.swift; path = MoodEntry.swift; sourceTree = "<group>"; };
		0777BCCD2ECE85D7008C1FDA /* ChatMessage.swift */ = {isa = PBXFileReference; lastKnownFileType = sourcecode.swift; path = ChatMessage.swift; sourceTree = "<group>"; };
		0777BCD02ECE85EE008C1FDA /* MoodRepository.swift */ = {isa = PBXFileReference; lastKnownFileType = sourcecode.swift; path = MoodRepository.swift; sourceTree = "<group>"; };
		0777BCD32ECE8B27008C1FDA /* ChatRepository.swift */ = {isa = PBXFileReference; lastKnownFileType = sourcecode.swift; path = ChatRepository.swift; sourceTree = "<group>"; };
		0777BCD92ECEA2F7008C1FDA /* LoginRootView.swift */ = {isa = PBXFileReference; lastKnownFileType = sourcecode.swift; path = LoginRootView.swift; sourceTree = "<group>"; };
		0777BCEE2ED2F7E9008C1FDA /* ChatServiceMock.swift */ = {isa = PBXFileReference; lastKnownFileType = sourcecode.swift; path = ChatServiceMock.swift; sourceTree = "<group>"; };
		4811CC3F2ED40478003A9A3B /* Resources.swift */ = {isa = PBXFileReference; lastKnownFileType = sourcecode.swift; path = Resources.swift; sourceTree = "<group>"; };
		4811CC422ED4054A003A9A3B /* ResourcesMapView.swift */ = {isa = PBXFileReference; lastKnownFileType = sourcecode.swift; path = ResourcesMapView.swift; sourceTree = "<group>"; };
		4811CC462ED405CF003A9A3B /* ResourcesMapViewController.swift */ = {isa = PBXFileReference; lastKnownFileType = sourcecode.swift; path = ResourcesMapViewController.swift; sourceTree = "<group>"; };
		4811CC482ED405FD003A9A3B /* ResourcesAnnotation.swift */ = {isa = PBXFileReference; lastKnownFileType = sourcecode.swift; path = ResourcesAnnotation.swift; sourceTree = "<group>"; };
		4811CC502ED407C3003A9A3B /* APIConfigs.swift */ = {isa = PBXFileReference; lastKnownFileType = sourcecode.swift; path = APIConfigs.swift; sourceTree = "<group>"; };
		4811CC522ED407C3003A9A3B /* ChatService.swift */ = {isa = PBXFileReference; lastKnownFileType = sourcecode.swift; path = ChatService.swift; sourceTree = "<group>"; };
		4811CC532ED407C3003A9A3B /* FirestoreService.swift */ = {isa = PBXFileReference; lastKnownFileType = sourcecode.swift; path = FirestoreService.swift; sourceTree = "<group>"; };
		4811CC542ED407C3003A9A3B /* LocationService.swift */ = {isa = PBXFileReference; lastKnownFileType = sourcecode.swift; path = LocationService.swift; sourceTree = "<group>"; };
		4811CC552ED407C3003A9A3B /* MoodStore.swift */ = {isa = PBXFileReference; lastKnownFileType = sourcecode.swift; path = MoodStore.swift; sourceTree = "<group>"; };
		4811CC562ED407C3003A9A3B /* NetworkManager.swift */ = {isa = PBXFileReference; lastKnownFileType = sourcecode.swift; path = NetworkManager.swift; sourceTree = "<group>"; };
		4811CC572ED407C3003A9A3B /* ResourcesAPI.swift */ = {isa = PBXFileReference; lastKnownFileType = sourcecode.swift; path = ResourcesAPI.swift; sourceTree = "<group>"; };
		4811CC582ED407C3003A9A3B /* ResourcesService.swift */ = {isa = PBXFileReference; lastKnownFileType = sourcecode.swift; path = ResourcesService.swift; sourceTree = "<group>"; };
		4811CC632ED40A16003A9A3B /* SceneDelegate.swift */ = {isa = PBXFileReference; lastKnownFileType = sourcecode.swift; path = SceneDelegate.swift; sourceTree = "<group>"; };
		4811CC782ED41D78003A9A3B /* DismissKeyboardManager.swift */ = {isa = PBXFileReference; lastKnownFileType = sourcecode.swift; path = DismissKeyboardManager.swift; sourceTree = "<group>"; };
		4811CC7A2ED42423003A9A3B /* ProgressSpinnerDelegate.swift */ = {isa = PBXFileReference; lastKnownFileType = sourcecode.swift; path = ProgressSpinnerDelegate.swift; sourceTree = "<group>"; };
		4811CC7B2ED42423003A9A3B /* ProgressSpinnerViewController.swift */ = {isa = PBXFileReference; lastKnownFileType = sourcecode.swift; path = ProgressSpinnerViewController.swift; sourceTree = "<group>"; };
		4811CC7F2ED4247D003A9A3B /* ProgressIndicatorManager.swift */ = {isa = PBXFileReference; lastKnownFileType = sourcecode.swift; path = ProgressIndicatorManager.swift; sourceTree = "<group>"; };
		4811CC832ED50EF1003A9A3B /* GoogleService-Info.plist */ = {isa = PBXFileReference; lastKnownFileType = text.plist.xml; path = "GoogleService-Info.plist"; sourceTree = "<group>"; };
		484693432ECC09B100A63998 /* AppDelegate.swift */ = {isa = PBXFileReference; lastKnownFileType = sourcecode.swift; path = AppDelegate.swift; sourceTree = "<group>"; };
		484693442ECC09B100A63998 /* Assets.xcassets */ = {isa = PBXFileReference; lastKnownFileType = folder.assetcatalog; path = Assets.xcassets; sourceTree = "<group>"; };
		484693472ECC09B100A63998 /* Info.plist */ = {isa = PBXFileReference; lastKnownFileType = text.plist.xml; path = Info.plist; sourceTree = "<group>"; };
		484693482ECC09B100A63998 /* Base */ = {isa = PBXFileReference; lastKnownFileType = file.storyboard; name = Base; path = Base.lproj/LaunchScreen.storyboard; sourceTree = "<group>"; };
		4846934A2ECC09B100A63998 /* Base */ = {isa = PBXFileReference; lastKnownFileType = file.storyboard; name = Base; path = Base.lproj/Main.storyboard; sourceTree = "<group>"; };
		4846934D2ECC09B100A63998 /* HomeViewController.swift */ = {isa = PBXFileReference; lastKnownFileType = sourcecode.swift; path = HomeViewController.swift; sourceTree = "<group>"; };
		484693592ECC0D5F00A63998 /* HomeView.swift */ = {isa = PBXFileReference; lastKnownFileType = sourcecode.swift; path = HomeView.swift; sourceTree = "<group>"; };
		4846935E2ECC0DA200A63998 /* LoginViewController.swift */ = {isa = PBXFileReference; lastKnownFileType = sourcecode.swift; path = LoginViewController.swift; sourceTree = "<group>"; };
		484693602ECC0DB900A63998 /* LoginView.swift */ = {isa = PBXFileReference; lastKnownFileType = sourcecode.swift; path = LoginView.swift; sourceTree = "<group>"; };
		484693622ECC0DDC00A63998 /* SignUpView.swift */ = {isa = PBXFileReference; lastKnownFileType = sourcecode.swift; path = SignUpView.swift; sourceTree = "<group>"; };
		484693642ECC0DF300A63998 /* SignUpViewController.swift */ = {isa = PBXFileReference; lastKnownFileType = sourcecode.swift; path = SignUpViewController.swift; sourceTree = "<group>"; };
		484693682ECC0E4E00A63998 /* MoodLogViewController.swift */ = {isa = PBXFileReference; lastKnownFileType = sourcecode.swift; path = MoodLogViewController.swift; sourceTree = "<group>"; };
		4846936A2ECC0E6500A63998 /* MoodLogView.swift */ = {isa = PBXFileReference; lastKnownFileType = sourcecode.swift; path = MoodLogView.swift; sourceTree = "<group>"; };
		4846936C2ECC0E8D00A63998 /* ChatView.swift */ = {isa = PBXFileReference; lastKnownFileType = sourcecode.swift; path = ChatView.swift; sourceTree = "<group>"; };
		4846936E2ECC0EA200A63998 /* ChatViewController.swift */ = {isa = PBXFileReference; lastKnownFileType = sourcecode.swift; path = ChatViewController.swift; sourceTree = "<group>"; };
		484693722ECC0EE300A63998 /* ResourcesViewController.swift */ = {isa = PBXFileReference; lastKnownFileType = sourcecode.swift; path = ResourcesViewController.swift; sourceTree = "<group>"; };
		484693742ECC0EF500A63998 /* ResourcesView.swift */ = {isa = PBXFileReference; lastKnownFileType = sourcecode.swift; path = ResourcesView.swift; sourceTree = "<group>"; };
		484693872ECC110900A63998 /* IntegrationContracts.swift */ = {isa = PBXFileReference; lastKnownFileType = sourcecode.swift; path = IntegrationContracts.swift; sourceTree = "<group>"; };
		484693892ECC115E00A63998 /* Config.swift */ = {isa = PBXFileReference; lastKnownFileType = sourcecode.swift; path = Config.swift; sourceTree = "<group>"; };
		4846938C2ECC118E00A63998 /* README.md */ = {isa = PBXFileReference; lastKnownFileType = net.daringfireball.markdown; path = README.md; sourceTree = "<group>"; };
/* End PBXFileReference section */

/* Begin PBXFileSystemSynchronizedRootGroup section */
		026A92D12ECBFCC90017D43B /* AuraTests */ = {
			isa = PBXFileSystemSynchronizedRootGroup;
			path = AuraTests;
			sourceTree = "<group>";
		};
		026A92DB2ECBFCC90017D43B /* AuraUITests */ = {
			isa = PBXFileSystemSynchronizedRootGroup;
			path = AuraUITests;
			sourceTree = "<group>";
		};
/* End PBXFileSystemSynchronizedRootGroup section */

/* Begin PBXFrameworksBuildPhase section */
		026A92B52ECBFCC40017D43B /* Frameworks */ = {
			isa = PBXFrameworksBuildPhase;
			buildActionMask = 2147483647;
			files = (
				0777BCC72ECD708A008C1FDA /* FirebaseAuth in Frameworks */,
				0777BCC92ECD708A008C1FDA /* FirebaseFirestore in Frameworks */,
				4871B79A2ED2C20500A38065 /* FirebaseStorage in Frameworks */,
			);
			runOnlyForDeploymentPostprocessing = 0;
		};
		026A92CB2ECBFCC90017D43B /* Frameworks */ = {
			isa = PBXFrameworksBuildPhase;
			buildActionMask = 2147483647;
			files = (
			);
			runOnlyForDeploymentPostprocessing = 0;
		};
		026A92D52ECBFCC90017D43B /* Frameworks */ = {
			isa = PBXFrameworksBuildPhase;
			buildActionMask = 2147483647;
			files = (
			);
			runOnlyForDeploymentPostprocessing = 0;
		};
/* End PBXFrameworksBuildPhase section */

/* Begin PBXGroup section */
		026A92AF2ECBFCC40017D43B = {
			isa = PBXGroup;
			children = (
				4846934E2ECC09B100A63998 /* Aura */,
				026A92D12ECBFCC90017D43B /* AuraTests */,
				026A92DB2ECBFCC90017D43B /* AuraUITests */,
				026A92B92ECBFCC40017D43B /* Products */,
			);
			sourceTree = "<group>";
		};
		026A92B92ECBFCC40017D43B /* Products */ = {
			isa = PBXGroup;
			children = (
				026A92B82ECBFCC40017D43B /* Aura.app */,
				026A92CE2ECBFCC90017D43B /* AuraTests.xctest */,
				026A92D82ECBFCC90017D43B /* AuraUITests.xctest */,
			);
			name = Products;
			sourceTree = "<group>";
		};
		0777BCB52ECD666F008C1FDA /* App */ = {
			isa = PBXGroup;
			children = (
				484693432ECC09B100A63998 /* AppDelegate.swift */,
				4811CC632ED40A16003A9A3B /* SceneDelegate.swift */,
			);
			path = App;
			sourceTree = "<group>";
		};
		0777BCB62ECD66A3008C1FDA /* Modules */ = {
			isa = PBXGroup;
			children = (
				0777BCB72ECD66B6008C1FDA /* Auth */,
				484693582ECC0D2400A63998 /* Home */,
				484693672ECC0E3100A63998 /* MoodLog */,
				484693702ECC0EAA00A63998 /* Chat */,
				484693712ECC0EBD00A63998 /* Resources */,
			);
			path = Modules;
			sourceTree = "<group>";
		};
		0777BCB72ECD66B6008C1FDA /* Auth */ = {
			isa = PBXGroup;
			children = (
				4846935D2ECC0D8400A63998 /* Login */,
				484693662ECC0E0B00A63998 /* SignUp */,
			);
			path = Auth;
			sourceTree = "<group>";
		};
		0777BCB82ECD6766008C1FDA /* Data */ = {
			isa = PBXGroup;
			children = (
				0777BCD52ECE8B35008C1FDA /* Location */,
				0777BCD22ECE8B1B008C1FDA /* Chat */,
				0777BCCF2ECE85E7008C1FDA /* Mood */,
				0777BCBC2ECD679F008C1FDA /* Auth */,
				0777BCB92ECD6773008C1FDA /* Models */,
			);
			path = Data;
			sourceTree = "<group>";
		};
		0777BCB92ECD6773008C1FDA /* Models */ = {
			isa = PBXGroup;
			children = (
				0777BCCD2ECE85D7008C1FDA /* ChatMessage.swift */,
				0777BCCB2ECE85CA008C1FDA /* MoodEntry.swift */,
				0777BCBA2ECD6784008C1FDA /* User.swift */,
				4811CC3F2ED40478003A9A3B /* Resources.swift */,
			);
			path = Models;
			sourceTree = "<group>";
		};
		0777BCBC2ECD679F008C1FDA /* Auth */ = {
			isa = PBXGroup;
			children = (
				0777BCBD2ECD67AB008C1FDA /* AuthService.swift */,
			);
			path = Auth;
			sourceTree = "<group>";
		};
		0777BCBF2ECD67D6008C1FDA /* Contracts */ = {
			isa = PBXGroup;
			children = (
				484693872ECC110900A63998 /* IntegrationContracts.swift */,
			);
			path = Contracts;
			sourceTree = "<group>";
		};
		0777BCC02ECD687A008C1FDA /* Config */ = {
			isa = PBXGroup;
			children = (
				0777BCC12ECD6882008C1FDA /* FirestoreCollections.swift */,
			);
			path = Config;
			sourceTree = "<group>";
		};
		0777BCCF2ECE85E7008C1FDA /* Mood */ = {
			isa = PBXGroup;
			children = (
				0777BCD02ECE85EE008C1FDA /* MoodRepository.swift */,
			);
			path = Mood;
			sourceTree = "<group>";
		};
		0777BCD22ECE8B1B008C1FDA /* Chat */ = {
			isa = PBXGroup;
			children = (
				0777BCD32ECE8B27008C1FDA /* ChatRepository.swift */,
				0777BCEE2ED2F7E9008C1FDA /* ChatServiceMock.swift */,
			);
			path = Chat;
			sourceTree = "<group>";
		};
		0777BCD52ECE8B35008C1FDA /* Location */ = {
			isa = PBXGroup;
			children = (
			);
			path = Location;
			sourceTree = "<group>";
		};
		0777BCD82ECE8B86008C1FDA /* Components */ = {
			isa = PBXGroup;
			children = (
				4811CC7C2ED42423003A9A3B /* Progress Indicator */,
			);
			path = Components;
			sourceTree = "<group>";
		};
		4811CC592ED407C3003A9A3B /* Services */ = {
			isa = PBXGroup;
			children = (
				4811CC502ED407C3003A9A3B /* APIConfigs.swift */,
				4811CC522ED407C3003A9A3B /* ChatService.swift */,
				4811CC532ED407C3003A9A3B /* FirestoreService.swift */,
				4811CC542ED407C3003A9A3B /* LocationService.swift */,
				4811CC552ED407C3003A9A3B /* MoodStore.swift */,
				4811CC562ED407C3003A9A3B /* NetworkManager.swift */,
				4811CC572ED407C3003A9A3B /* ResourcesAPI.swift */,
				4811CC582ED407C3003A9A3B /* ResourcesService.swift */,
			);
			path = Services;
			sourceTree = "<group>";
		};
		4811CC772ED41D6C003A9A3B /* Extensions */ = {
			isa = PBXGroup;
			children = (
				4811CC7F2ED4247D003A9A3B /* ProgressIndicatorManager.swift */,
				4811CC782ED41D78003A9A3B /* DismissKeyboardManager.swift */,
			);
			path = Extensions;
			sourceTree = "<group>";
		};
		4811CC7C2ED42423003A9A3B /* Progress Indicator */ = {
			isa = PBXGroup;
			children = (
				4811CC7A2ED42423003A9A3B /* ProgressSpinnerDelegate.swift */,
				4811CC7B2ED42423003A9A3B /* ProgressSpinnerViewController.swift */,
			);
			path = "Progress Indicator";
			sourceTree = "<group>";
		};
		4846934E2ECC09B100A63998 /* Aura */ = {
			isa = PBXGroup;
			children = (
				0777BCC02ECD687A008C1FDA /* Config */,
				0777BCB82ECD6766008C1FDA /* Data */,
				0777BCB62ECD66A3008C1FDA /* Modules */,
				0777BCB52ECD666F008C1FDA /* App */,
				4846938B2ECC117D00A63998 /* Docs */,
				484693842ECC10DA00A63998 /* Shared */,
				4811CC592ED407C3003A9A3B /* Services */,
				484693442ECC09B100A63998 /* Assets.xcassets */,
				484693472ECC09B100A63998 /* Info.plist */,
				484693492ECC09B100A63998 /* LaunchScreen.storyboard */,
				4846934B2ECC09B100A63998 /* Main.storyboard */,
				484693892ECC115E00A63998 /* Config.swift */,
				4811CC832ED50EF1003A9A3B /* GoogleService-Info.plist */,
			);
			path = Aura;
			sourceTree = "<group>";
		};
		484693582ECC0D2400A63998 /* Home */ = {
			isa = PBXGroup;
			children = (
				484693592ECC0D5F00A63998 /* HomeView.swift */,
				4846934D2ECC09B100A63998 /* HomeViewController.swift */,
			);
			path = Home;
			sourceTree = "<group>";
		};
		4846935D2ECC0D8400A63998 /* Login */ = {
			isa = PBXGroup;
			children = (
				0777BCD92ECEA2F7008C1FDA /* LoginRootView.swift */,
				4846935E2ECC0DA200A63998 /* LoginViewController.swift */,
				484693602ECC0DB900A63998 /* LoginView.swift */,
			);
			path = Login;
			sourceTree = "<group>";
		};
		484693662ECC0E0B00A63998 /* SignUp */ = {
			isa = PBXGroup;
			children = (
				484693622ECC0DDC00A63998 /* SignUpView.swift */,
				484693642ECC0DF300A63998 /* SignUpViewController.swift */,
			);
			path = SignUp;
			sourceTree = "<group>";
		};
		484693672ECC0E3100A63998 /* MoodLog */ = {
			isa = PBXGroup;
			children = (
				484693682ECC0E4E00A63998 /* MoodLogViewController.swift */,
				4846936A2ECC0E6500A63998 /* MoodLogView.swift */,
			);
			path = MoodLog;
			sourceTree = "<group>";
		};
		484693702ECC0EAA00A63998 /* Chat */ = {
			isa = PBXGroup;
			children = (
				4846936C2ECC0E8D00A63998 /* ChatView.swift */,
				4846936E2ECC0EA200A63998 /* ChatViewController.swift */,
			);
			path = Chat;
			sourceTree = "<group>";
		};
		484693712ECC0EBD00A63998 /* Resources */ = {
			isa = PBXGroup;
			children = (
				4811CC482ED405FD003A9A3B /* ResourcesAnnotation.swift */,
				484693722ECC0EE300A63998 /* ResourcesViewController.swift */,
				484693742ECC0EF500A63998 /* ResourcesView.swift */,
				4811CC422ED4054A003A9A3B /* ResourcesMapView.swift */,
				4811CC462ED405CF003A9A3B /* ResourcesMapViewController.swift */,
			);
			path = Resources;
			sourceTree = "<group>";
		};
		484693842ECC10DA00A63998 /* Shared */ = {
			isa = PBXGroup;
			children = (
				4811CC772ED41D6C003A9A3B /* Extensions */,
				0777BCD82ECE8B86008C1FDA /* Components */,
				0777BCBF2ECD67D6008C1FDA /* Contracts */,
			);
			path = Shared;
			sourceTree = "<group>";
		};
		4846938B2ECC117D00A63998 /* Docs */ = {
			isa = PBXGroup;
			children = (
				4846938C2ECC118E00A63998 /* README.md */,
			);
			path = Docs;
			sourceTree = "<group>";
		};
/* End PBXGroup section */

/* Begin PBXNativeTarget section */
		026A92B72ECBFCC40017D43B /* Aura */ = {
			isa = PBXNativeTarget;
			buildConfigurationList = 026A92E12ECBFCC90017D43B /* Build configuration list for PBXNativeTarget "Aura" */;
			buildPhases = (
				026A92B42ECBFCC40017D43B /* Sources */,
				026A92B52ECBFCC40017D43B /* Frameworks */,
				026A92B62ECBFCC40017D43B /* Resources */,
			);
			buildRules = (
			);
			dependencies = (
			);
			name = Aura;
			packageProductDependencies = (
				0777BCC62ECD708A008C1FDA /* FirebaseAuth */,
				0777BCC82ECD708A008C1FDA /* FirebaseFirestore */,
				4871B7992ED2C20500A38065 /* FirebaseStorage */,
			);
			productName = Aura;
			productReference = 026A92B82ECBFCC40017D43B /* Aura.app */;
			productType = "com.apple.product-type.application";
		};
		026A92CD2ECBFCC90017D43B /* AuraTests */ = {
			isa = PBXNativeTarget;
			buildConfigurationList = 026A92E62ECBFCC90017D43B /* Build configuration list for PBXNativeTarget "AuraTests" */;
			buildPhases = (
				026A92CA2ECBFCC90017D43B /* Sources */,
				026A92CB2ECBFCC90017D43B /* Frameworks */,
				026A92CC2ECBFCC90017D43B /* Resources */,
			);
			buildRules = (
			);
			dependencies = (
				026A92D02ECBFCC90017D43B /* PBXTargetDependency */,
			);
			fileSystemSynchronizedGroups = (
				026A92D12ECBFCC90017D43B /* AuraTests */,
			);
			name = AuraTests;
			packageProductDependencies = (
			);
			productName = AuraTests;
			productReference = 026A92CE2ECBFCC90017D43B /* AuraTests.xctest */;
			productType = "com.apple.product-type.bundle.unit-test";
		};
		026A92D72ECBFCC90017D43B /* AuraUITests */ = {
			isa = PBXNativeTarget;
			buildConfigurationList = 026A92E92ECBFCC90017D43B /* Build configuration list for PBXNativeTarget "AuraUITests" */;
			buildPhases = (
				026A92D42ECBFCC90017D43B /* Sources */,
				026A92D52ECBFCC90017D43B /* Frameworks */,
				026A92D62ECBFCC90017D43B /* Resources */,
			);
			buildRules = (
			);
			dependencies = (
				026A92DA2ECBFCC90017D43B /* PBXTargetDependency */,
			);
			fileSystemSynchronizedGroups = (
				026A92DB2ECBFCC90017D43B /* AuraUITests */,
			);
			name = AuraUITests;
			packageProductDependencies = (
			);
			productName = AuraUITests;
			productReference = 026A92D82ECBFCC90017D43B /* AuraUITests.xctest */;
			productType = "com.apple.product-type.bundle.ui-testing";
		};
/* End PBXNativeTarget section */

/* Begin PBXProject section */
		026A92B02ECBFCC40017D43B /* Project object */ = {
			isa = PBXProject;
			attributes = {
				BuildIndependentTargetsInParallel = 1;
				LastSwiftUpdateCheck = 1640;
				LastUpgradeCheck = 1640;
				TargetAttributes = {
					026A92B72ECBFCC40017D43B = {
						CreatedOnToolsVersion = 16.4;
					};
					026A92CD2ECBFCC90017D43B = {
						CreatedOnToolsVersion = 16.4;
						TestTargetID = 026A92B72ECBFCC40017D43B;
					};
					026A92D72ECBFCC90017D43B = {
						CreatedOnToolsVersion = 16.4;
						TestTargetID = 026A92B72ECBFCC40017D43B;
					};
				};
			};
			buildConfigurationList = 026A92B32ECBFCC40017D43B /* Build configuration list for PBXProject "Aura" */;
			developmentRegion = en;
			hasScannedForEncodings = 0;
			knownRegions = (
				en,
				Base,
			);
			mainGroup = 026A92AF2ECBFCC40017D43B;
			minimizedProjectReferenceProxies = 1;
			packageReferences = (
				0777BCC52ECD708A008C1FDA /* XCRemoteSwiftPackageReference "firebase-ios-sdk" */,
			);
			preferredProjectObjectVersion = 77;
			productRefGroup = 026A92B92ECBFCC40017D43B /* Products */;
			projectDirPath = "";
			projectRoot = "";
			targets = (
				026A92B72ECBFCC40017D43B /* Aura */,
				026A92CD2ECBFCC90017D43B /* AuraTests */,
				026A92D72ECBFCC90017D43B /* AuraUITests */,
			);
		};
/* End PBXProject section */

/* Begin PBXResourcesBuildPhase section */
		026A92B62ECBFCC40017D43B /* Resources */ = {
			isa = PBXResourcesBuildPhase;
			buildActionMask = 2147483647;
			files = (
				4846934F2ECC09B100A63998 /* Assets.xcassets in Resources */,
				484693512ECC09B100A63998 /* LaunchScreen.storyboard in Resources */,
				4811CC842ED50EF1003A9A3B /* GoogleService-Info.plist in Resources */,
				4846938D2ECC119300A63998 /* README.md in Resources */,
				484693522ECC09B100A63998 /* Main.storyboard in Resources */,
			);
			runOnlyForDeploymentPostprocessing = 0;
		};
		026A92CC2ECBFCC90017D43B /* Resources */ = {
			isa = PBXResourcesBuildPhase;
			buildActionMask = 2147483647;
			files = (
			);
			runOnlyForDeploymentPostprocessing = 0;
		};
		026A92D62ECBFCC90017D43B /* Resources */ = {
			isa = PBXResourcesBuildPhase;
			buildActionMask = 2147483647;
			files = (
			);
			runOnlyForDeploymentPostprocessing = 0;
		};
/* End PBXResourcesBuildPhase section */

/* Begin PBXSourcesBuildPhase section */
		026A92B42ECBFCC40017D43B /* Sources */ = {
			isa = PBXSourcesBuildPhase;
			buildActionMask = 2147483647;
			files = (
				0777BCBB2ECD6786008C1FDA /* User.swift in Sources */,
				484693652ECC0DF300A63998 /* SignUpViewController.swift in Sources */,
				0777BCCC2ECE85CC008C1FDA /* MoodEntry.swift in Sources */,
				0777BCCE2ECE85D9008C1FDA /* ChatMessage.swift in Sources */,
				484693532ECC09B100A63998 /* AppDelegate.swift in Sources */,
				4811CC472ED405CF003A9A3B /* ResourcesMapViewController.swift in Sources */,
				484693732ECC0EE300A63998 /* ResourcesViewController.swift in Sources */,
				0777BCD12ECE85F0008C1FDA /* MoodRepository.swift in Sources */,
				4811CC642ED40A16003A9A3B /* SceneDelegate.swift in Sources */,
				4846936D2ECC0E8D00A63998 /* ChatView.swift in Sources */,
				484693612ECC0DB900A63998 /* LoginView.swift in Sources */,
				4811CC492ED40607003A9A3B /* ResourcesAnnotation.swift in Sources */,
				0777BCC22ECD6883008C1FDA /* FirestoreCollections.swift in Sources */,
				0777BCD42ECE8B28008C1FDA /* ChatRepository.swift in Sources */,
				0777BCEF2ED2F7E9008C1FDA /* ChatServiceMock.swift in Sources */,
				4811CC432ED4054A003A9A3B /* ResourcesMapView.swift in Sources */,
				4846936B2ECC0E6500A63998 /* MoodLogView.swift in Sources */,
				4811CC792ED41DC1003A9A3B /* DismissKeyboardManager.swift in Sources */,
				0777BCDA2ECEA2F9008C1FDA /* LoginRootView.swift in Sources */,
				4846935A2ECC0D5F00A63998 /* HomeView.swift in Sources */,
				484693692ECC0E4E00A63998 /* MoodLogViewController.swift in Sources */,
				4846935F2ECC0DA200A63998 /* LoginViewController.swift in Sources */,
				4811CC5A2ED407C3003A9A3B /* ChatService.swift in Sources */,
				4811CC5B2ED407C3003A9A3B /* ResourcesService.swift in Sources */,
				4811CC5C2ED407C3003A9A3B /* LocationService.swift in Sources */,
				4811CC5D2ED407C3003A9A3B /* MoodStore.swift in Sources */,
				4811CC5E2ED407C3003A9A3B /* ResourcesAPI.swift in Sources */,
				4811CC802ED42492003A9A3B /* ProgressIndicatorManager.swift in Sources */,
				4811CC5F2ED407C3003A9A3B /* NetworkManager.swift in Sources */,
				4811CC602ED407C3003A9A3B /* APIConfigs.swift in Sources */,
				4811CC622ED407C3003A9A3B /* FirestoreService.swift in Sources */,
				484693632ECC0DDC00A63998 /* SignUpView.swift in Sources */,
				4811CC7D2ED42423003A9A3B /* ProgressSpinnerViewController.swift in Sources */,
				4811CC7E2ED42423003A9A3B /* ProgressSpinnerDelegate.swift in Sources */,
				4846938A2ECC115E00A63998 /* Config.swift in Sources */,
				0777BCBE2ECD67AC008C1FDA /* AuthService.swift in Sources */,
				484693752ECC0EF500A63998 /* ResourcesView.swift in Sources */,
				4811CC402ED40478003A9A3B /* Resources.swift in Sources */,
				484693882ECC110900A63998 /* IntegrationContracts.swift in Sources */,
				4846936F2ECC0EA200A63998 /* ChatViewController.swift in Sources */,
				484693572ECC09B100A63998 /* HomeViewController.swift in Sources */,
			);
			runOnlyForDeploymentPostprocessing = 0;
		};
		026A92CA2ECBFCC90017D43B /* Sources */ = {
			isa = PBXSourcesBuildPhase;
			buildActionMask = 2147483647;
			files = (
			);
			runOnlyForDeploymentPostprocessing = 0;
		};
		026A92D42ECBFCC90017D43B /* Sources */ = {
			isa = PBXSourcesBuildPhase;
			buildActionMask = 2147483647;
			files = (
			);
			runOnlyForDeploymentPostprocessing = 0;
		};
/* End PBXSourcesBuildPhase section */

/* Begin PBXTargetDependency section */
		026A92D02ECBFCC90017D43B /* PBXTargetDependency */ = {
			isa = PBXTargetDependency;
			target = 026A92B72ECBFCC40017D43B /* Aura */;
			targetProxy = 026A92CF2ECBFCC90017D43B /* PBXContainerItemProxy */;
		};
		026A92DA2ECBFCC90017D43B /* PBXTargetDependency */ = {
			isa = PBXTargetDependency;
			target = 026A92B72ECBFCC40017D43B /* Aura */;
			targetProxy = 026A92D92ECBFCC90017D43B /* PBXContainerItemProxy */;
		};
/* End PBXTargetDependency section */

/* Begin PBXVariantGroup section */
		484693492ECC09B100A63998 /* LaunchScreen.storyboard */ = {
			isa = PBXVariantGroup;
			children = (
				484693482ECC09B100A63998 /* Base */,
			);
			name = LaunchScreen.storyboard;
			sourceTree = "<group>";
		};
		4846934B2ECC09B100A63998 /* Main.storyboard */ = {
			isa = PBXVariantGroup;
			children = (
				4846934A2ECC09B100A63998 /* Base */,
			);
			name = Main.storyboard;
			sourceTree = "<group>";
		};
/* End PBXVariantGroup section */

/* Begin XCBuildConfiguration section */
		026A92E22ECBFCC90017D43B /* Debug */ = {
			isa = XCBuildConfiguration;
			buildSettings = {
				ASSETCATALOG_COMPILER_APPICON_NAME = AppIcon;
				ASSETCATALOG_COMPILER_GLOBAL_ACCENT_COLOR_NAME = AccentColor;
				CODE_SIGN_STYLE = Automatic;
				CURRENT_PROJECT_VERSION = 1;
				DEVELOPMENT_TEAM = 5286Y84W73;
				GENERATE_INFOPLIST_FILE = YES;
				INFOPLIST_FILE = Aura/Info.plist;
				INFOPLIST_KEY_UIApplicationSupportsIndirectInputEvents = YES;
				INFOPLIST_KEY_UILaunchStoryboardName = LaunchScreen;
				INFOPLIST_KEY_UISupportedInterfaceOrientations_iPad = "UIInterfaceOrientationPortrait UIInterfaceOrientationPortraitUpsideDown UIInterfaceOrientationLandscapeLeft UIInterfaceOrientationLandscapeRight";
				INFOPLIST_KEY_UISupportedInterfaceOrientations_iPhone = "UIInterfaceOrientationPortrait UIInterfaceOrientationLandscapeLeft UIInterfaceOrientationLandscapeRight";
				IPHONEOS_DEPLOYMENT_TARGET = 18.3;
				LD_RUNPATH_SEARCH_PATHS = (
					"$(inherited)",
					"@executable_path/Frameworks",
				);
				MARKETING_VERSION = 1.0;
				PRODUCT_BUNDLE_IDENTIFIER = com.Jinghan.Aura;
				PRODUCT_NAME = "$(TARGET_NAME)";
				SWIFT_EMIT_LOC_STRINGS = YES;
				SWIFT_VERSION = 5.0;
				TARGETED_DEVICE_FAMILY = "1,2";
			};
			name = Debug;
		};
		026A92E32ECBFCC90017D43B /* Release */ = {
			isa = XCBuildConfiguration;
			buildSettings = {
				ASSETCATALOG_COMPILER_APPICON_NAME = AppIcon;
				ASSETCATALOG_COMPILER_GLOBAL_ACCENT_COLOR_NAME = AccentColor;
				CODE_SIGN_STYLE = Automatic;
				CURRENT_PROJECT_VERSION = 1;
				DEVELOPMENT_TEAM = 5286Y84W73;
				GENERATE_INFOPLIST_FILE = YES;
				INFOPLIST_FILE = Aura/Info.plist;
				INFOPLIST_KEY_UIApplicationSupportsIndirectInputEvents = YES;
				INFOPLIST_KEY_UILaunchStoryboardName = LaunchScreen;
				INFOPLIST_KEY_UISupportedInterfaceOrientations_iPad = "UIInterfaceOrientationPortrait UIInterfaceOrientationPortraitUpsideDown UIInterfaceOrientationLandscapeLeft UIInterfaceOrientationLandscapeRight";
				INFOPLIST_KEY_UISupportedInterfaceOrientations_iPhone = "UIInterfaceOrientationPortrait UIInterfaceOrientationLandscapeLeft UIInterfaceOrientationLandscapeRight";
				IPHONEOS_DEPLOYMENT_TARGET = 18.3;
				LD_RUNPATH_SEARCH_PATHS = (
					"$(inherited)",
					"@executable_path/Frameworks",
				);
				MARKETING_VERSION = 1.0;
				PRODUCT_BUNDLE_IDENTIFIER = com.Jinghan.Aura;
				PRODUCT_NAME = "$(TARGET_NAME)";
				SWIFT_EMIT_LOC_STRINGS = YES;
				SWIFT_VERSION = 5.0;
				TARGETED_DEVICE_FAMILY = "1,2";
			};
			name = Release;
		};
		026A92E42ECBFCC90017D43B /* Debug */ = {
			isa = XCBuildConfiguration;
			buildSettings = {
				ALWAYS_SEARCH_USER_PATHS = NO;
				ASSETCATALOG_COMPILER_GENERATE_SWIFT_ASSET_SYMBOL_EXTENSIONS = YES;
				CLANG_ANALYZER_NONNULL = YES;
				CLANG_ANALYZER_NUMBER_OBJECT_CONVERSION = YES_AGGRESSIVE;
				CLANG_CXX_LANGUAGE_STANDARD = "gnu++20";
				CLANG_ENABLE_MODULES = YES;
				CLANG_ENABLE_OBJC_ARC = YES;
				CLANG_ENABLE_OBJC_WEAK = YES;
				CLANG_WARN_BLOCK_CAPTURE_AUTORELEASING = YES;
				CLANG_WARN_BOOL_CONVERSION = YES;
				CLANG_WARN_COMMA = YES;
				CLANG_WARN_CONSTANT_CONVERSION = YES;
				CLANG_WARN_DEPRECATED_OBJC_IMPLEMENTATIONS = YES;
				CLANG_WARN_DIRECT_OBJC_ISA_USAGE = YES_ERROR;
				CLANG_WARN_DOCUMENTATION_COMMENTS = YES;
				CLANG_WARN_EMPTY_BODY = YES;
				CLANG_WARN_ENUM_CONVERSION = YES;
				CLANG_WARN_INFINITE_RECURSION = YES;
				CLANG_WARN_INT_CONVERSION = YES;
				CLANG_WARN_NON_LITERAL_NULL_CONVERSION = YES;
				CLANG_WARN_OBJC_IMPLICIT_RETAIN_SELF = YES;
				CLANG_WARN_OBJC_LITERAL_CONVERSION = YES;
				CLANG_WARN_OBJC_ROOT_CLASS = YES_ERROR;
				CLANG_WARN_QUOTED_INCLUDE_IN_FRAMEWORK_HEADER = YES;
				CLANG_WARN_RANGE_LOOP_ANALYSIS = YES;
				CLANG_WARN_STRICT_PROTOTYPES = YES;
				CLANG_WARN_SUSPICIOUS_MOVE = YES;
				CLANG_WARN_UNGUARDED_AVAILABILITY = YES_AGGRESSIVE;
				CLANG_WARN_UNREACHABLE_CODE = YES;
				CLANG_WARN__DUPLICATE_METHOD_MATCH = YES;
				COPY_PHASE_STRIP = NO;
				DEBUG_INFORMATION_FORMAT = dwarf;
				DEVELOPMENT_TEAM = F2NDW9487H;
				ENABLE_STRICT_OBJC_MSGSEND = YES;
				ENABLE_TESTABILITY = YES;
				ENABLE_USER_SCRIPT_SANDBOXING = NO;
				GCC_C_LANGUAGE_STANDARD = gnu17;
				GCC_DYNAMIC_NO_PIC = NO;
				GCC_NO_COMMON_BLOCKS = YES;
				GCC_OPTIMIZATION_LEVEL = 0;
				GCC_PREPROCESSOR_DEFINITIONS = (
					"DEBUG=1",
					"$(inherited)",
				);
				GCC_WARN_64_TO_32_BIT_CONVERSION = YES;
				GCC_WARN_ABOUT_RETURN_TYPE = YES_ERROR;
				GCC_WARN_UNDECLARED_SELECTOR = YES;
				GCC_WARN_UNINITIALIZED_AUTOS = YES_AGGRESSIVE;
				GCC_WARN_UNUSED_FUNCTION = YES;
				GCC_WARN_UNUSED_VARIABLE = YES;
				IPHONEOS_DEPLOYMENT_TARGET = 18.5;
				LOCALIZATION_PREFERS_STRING_CATALOGS = YES;
				MTL_ENABLE_DEBUG_INFO = INCLUDE_SOURCE;
				MTL_FAST_MATH = YES;
				ONLY_ACTIVE_ARCH = YES;
				SDKROOT = iphoneos;
				SWIFT_ACTIVE_COMPILATION_CONDITIONS = "DEBUG $(inherited)";
				SWIFT_OPTIMIZATION_LEVEL = "-Onone";
			};
			name = Debug;
		};
		026A92E52ECBFCC90017D43B /* Release */ = {
			isa = XCBuildConfiguration;
			buildSettings = {
				ALWAYS_SEARCH_USER_PATHS = NO;
				ASSETCATALOG_COMPILER_GENERATE_SWIFT_ASSET_SYMBOL_EXTENSIONS = YES;
				CLANG_ANALYZER_NONNULL = YES;
				CLANG_ANALYZER_NUMBER_OBJECT_CONVERSION = YES_AGGRESSIVE;
				CLANG_CXX_LANGUAGE_STANDARD = "gnu++20";
				CLANG_ENABLE_MODULES = YES;
				CLANG_ENABLE_OBJC_ARC = YES;
				CLANG_ENABLE_OBJC_WEAK = YES;
				CLANG_WARN_BLOCK_CAPTURE_AUTORELEASING = YES;
				CLANG_WARN_BOOL_CONVERSION = YES;
				CLANG_WARN_COMMA = YES;
				CLANG_WARN_CONSTANT_CONVERSION = YES;
				CLANG_WARN_DEPRECATED_OBJC_IMPLEMENTATIONS = YES;
				CLANG_WARN_DIRECT_OBJC_ISA_USAGE = YES_ERROR;
				CLANG_WARN_DOCUMENTATION_COMMENTS = YES;
				CLANG_WARN_EMPTY_BODY = YES;
				CLANG_WARN_ENUM_CONVERSION = YES;
				CLANG_WARN_INFINITE_RECURSION = YES;
				CLANG_WARN_INT_CONVERSION = YES;
				CLANG_WARN_NON_LITERAL_NULL_CONVERSION = YES;
				CLANG_WARN_OBJC_IMPLICIT_RETAIN_SELF = YES;
				CLANG_WARN_OBJC_LITERAL_CONVERSION = YES;
				CLANG_WARN_OBJC_ROOT_CLASS = YES_ERROR;
				CLANG_WARN_QUOTED_INCLUDE_IN_FRAMEWORK_HEADER = YES;
				CLANG_WARN_RANGE_LOOP_ANALYSIS = YES;
				CLANG_WARN_STRICT_PROTOTYPES = YES;
				CLANG_WARN_SUSPICIOUS_MOVE = YES;
				CLANG_WARN_UNGUARDED_AVAILABILITY = YES_AGGRESSIVE;
				CLANG_WARN_UNREACHABLE_CODE = YES;
				CLANG_WARN__DUPLICATE_METHOD_MATCH = YES;
				COPY_PHASE_STRIP = NO;
				DEBUG_INFORMATION_FORMAT = "dwarf-with-dsym";
				DEVELOPMENT_TEAM = F2NDW9487H;
				ENABLE_NS_ASSERTIONS = NO;
				ENABLE_STRICT_OBJC_MSGSEND = YES;
				ENABLE_USER_SCRIPT_SANDBOXING = NO;
				GCC_C_LANGUAGE_STANDARD = gnu17;
				GCC_NO_COMMON_BLOCKS = YES;
				GCC_WARN_64_TO_32_BIT_CONVERSION = YES;
				GCC_WARN_ABOUT_RETURN_TYPE = YES_ERROR;
				GCC_WARN_UNDECLARED_SELECTOR = YES;
				GCC_WARN_UNINITIALIZED_AUTOS = YES_AGGRESSIVE;
				GCC_WARN_UNUSED_FUNCTION = YES;
				GCC_WARN_UNUSED_VARIABLE = YES;
				IPHONEOS_DEPLOYMENT_TARGET = 18.5;
				LOCALIZATION_PREFERS_STRING_CATALOGS = YES;
				MTL_ENABLE_DEBUG_INFO = NO;
				MTL_FAST_MATH = YES;
				SDKROOT = iphoneos;
				SWIFT_COMPILATION_MODE = wholemodule;
				VALIDATE_PRODUCT = YES;
			};
			name = Release;
		};
		026A92E72ECBFCC90017D43B /* Debug */ = {
			isa = XCBuildConfiguration;
			buildSettings = {
				BUNDLE_LOADER = "$(TEST_HOST)";
				CODE_SIGN_STYLE = Automatic;
				CURRENT_PROJECT_VERSION = 1;
				DEVELOPMENT_TEAM = F2NDW9487H;
				GENERATE_INFOPLIST_FILE = YES;
				IPHONEOS_DEPLOYMENT_TARGET = 18.5;
				MARKETING_VERSION = 1.0;
				PRODUCT_BUNDLE_IDENTIFIER = com.thomaszhang.AuraTests;
				PRODUCT_NAME = "$(TARGET_NAME)";
				SWIFT_EMIT_LOC_STRINGS = NO;
				SWIFT_VERSION = 5.0;
				TARGETED_DEVICE_FAMILY = "1,2";
				TEST_HOST = "$(BUILT_PRODUCTS_DIR)/Aura.app/$(BUNDLE_EXECUTABLE_FOLDER_PATH)/Aura";
			};
			name = Debug;
		};
		026A92E82ECBFCC90017D43B /* Release */ = {
			isa = XCBuildConfiguration;
			buildSettings = {
				BUNDLE_LOADER = "$(TEST_HOST)";
				CODE_SIGN_STYLE = Automatic;
				CURRENT_PROJECT_VERSION = 1;
				DEVELOPMENT_TEAM = F2NDW9487H;
				GENERATE_INFOPLIST_FILE = YES;
				IPHONEOS_DEPLOYMENT_TARGET = 18.5;
				MARKETING_VERSION = 1.0;
				PRODUCT_BUNDLE_IDENTIFIER = com.thomaszhang.AuraTests;
				PRODUCT_NAME = "$(TARGET_NAME)";
				SWIFT_EMIT_LOC_STRINGS = NO;
				SWIFT_VERSION = 5.0;
				TARGETED_DEVICE_FAMILY = "1,2";
				TEST_HOST = "$(BUILT_PRODUCTS_DIR)/Aura.app/$(BUNDLE_EXECUTABLE_FOLDER_PATH)/Aura";
			};
			name = Release;
		};
		026A92EA2ECBFCC90017D43B /* Debug */ = {
			isa = XCBuildConfiguration;
			buildSettings = {
				CODE_SIGN_STYLE = Automatic;
				CURRENT_PROJECT_VERSION = 1;
				DEVELOPMENT_TEAM = F2NDW9487H;
				GENERATE_INFOPLIST_FILE = YES;
				MARKETING_VERSION = 1.0;
				PRODUCT_BUNDLE_IDENTIFIER = com.thomaszhang.AuraUITests;
				PRODUCT_NAME = "$(TARGET_NAME)";
				SWIFT_EMIT_LOC_STRINGS = NO;
				SWIFT_VERSION = 5.0;
				TARGETED_DEVICE_FAMILY = "1,2";
				TEST_TARGET_NAME = Aura;
			};
			name = Debug;
		};
		026A92EB2ECBFCC90017D43B /* Release */ = {
			isa = XCBuildConfiguration;
			buildSettings = {
				CODE_SIGN_STYLE = Automatic;
				CURRENT_PROJECT_VERSION = 1;
				DEVELOPMENT_TEAM = F2NDW9487H;
				GENERATE_INFOPLIST_FILE = YES;
				MARKETING_VERSION = 1.0;
				PRODUCT_BUNDLE_IDENTIFIER = com.thomaszhang.AuraUITests;
				PRODUCT_NAME = "$(TARGET_NAME)";
				SWIFT_EMIT_LOC_STRINGS = NO;
				SWIFT_VERSION = 5.0;
				TARGETED_DEVICE_FAMILY = "1,2";
				TEST_TARGET_NAME = Aura;
			};
			name = Release;
		};
/* End XCBuildConfiguration section */

/* Begin XCConfigurationList section */
		026A92B32ECBFCC40017D43B /* Build configuration list for PBXProject "Aura" */ = {
			isa = XCConfigurationList;
			buildConfigurations = (
				026A92E42ECBFCC90017D43B /* Debug */,
				026A92E52ECBFCC90017D43B /* Release */,
			);
			defaultConfigurationIsVisible = 0;
			defaultConfigurationName = Release;
		};
		026A92E12ECBFCC90017D43B /* Build configuration list for PBXNativeTarget "Aura" */ = {
			isa = XCConfigurationList;
			buildConfigurations = (
				026A92E22ECBFCC90017D43B /* Debug */,
				026A92E32ECBFCC90017D43B /* Release */,
			);
			defaultConfigurationIsVisible = 0;
			defaultConfigurationName = Release;
		};
		026A92E62ECBFCC90017D43B /* Build configuration list for PBXNativeTarget "AuraTests" */ = {
			isa = XCConfigurationList;
			buildConfigurations = (
				026A92E72ECBFCC90017D43B /* Debug */,
				026A92E82ECBFCC90017D43B /* Release */,
			);
			defaultConfigurationIsVisible = 0;
			defaultConfigurationName = Release;
		};
		026A92E92ECBFCC90017D43B /* Build configuration list for PBXNativeTarget "AuraUITests" */ = {
			isa = XCConfigurationList;
			buildConfigurations = (
				026A92EA2ECBFCC90017D43B /* Debug */,
				026A92EB2ECBFCC90017D43B /* Release */,
			);
			defaultConfigurationIsVisible = 0;
			defaultConfigurationName = Release;
		};
/* End XCConfigurationList section */

/* Begin XCRemoteSwiftPackageReference section */
		0777BCC52ECD708A008C1FDA /* XCRemoteSwiftPackageReference "firebase-ios-sdk" */ = {
			isa = XCRemoteSwiftPackageReference;
			repositoryURL = "https://github.com/firebase/firebase-ios-sdk";
			requirement = {
				kind = upToNextMajorVersion;
				minimumVersion = 12.6.0;
			};
		};
/* End XCRemoteSwiftPackageReference section */

/* Begin XCSwiftPackageProductDependency section */
		0777BCC62ECD708A008C1FDA /* FirebaseAuth */ = {
			isa = XCSwiftPackageProductDependency;
			package = 0777BCC52ECD708A008C1FDA /* XCRemoteSwiftPackageReference "firebase-ios-sdk" */;
			productName = FirebaseAuth;
		};
		0777BCC82ECD708A008C1FDA /* FirebaseFirestore */ = {
			isa = XCSwiftPackageProductDependency;
			package = 0777BCC52ECD708A008C1FDA /* XCRemoteSwiftPackageReference "firebase-ios-sdk" */;
			productName = FirebaseFirestore;
		};
		4871B7992ED2C20500A38065 /* FirebaseStorage */ = {
			isa = XCSwiftPackageProductDependency;
			package = 0777BCC52ECD708A008C1FDA /* XCRemoteSwiftPackageReference "firebase-ios-sdk" */;
			productName = FirebaseStorage;
		};
/* End XCSwiftPackageProductDependency section */
	};
	rootObject = 026A92B02ECBFCC40017D43B /* Project object */;
}
